{
  "nodes": {
    "agent-skills": {
      "inputs": {
        "nixpkgs": [
          "nixpkgs"
        ]
      },
      "locked": {
        "lastModified": 1789145426,
        "narHash": "sha256-Wf+7Qzt8+nz4TXPCbWnMjOAdzbVM6blW9J6JP+YhSy8=",
        "owner": "Kyure-A",
        "repo": "agent-skills-nix",
        "rev": "5133c874553c6c295654d8de4e3f62c95736b9c6",
        "type": "github"
      },
      "original": {
        "owner": "Kyure-A",
        "repo": "agent-skills-nix",
        "rev": "5133c874553c6c295654d8de4e3f62c95736b9c6",
        "type": "github"
      }
    },
    "brew-src": {
      "flake": false,
      "locked": {
        "lastModified": 1785146564,
        "narHash": "sha256-Sa7/HrfB04H32OJ7/ofxXjiZEbkWtCNOriONYYTL1OA=",
        "owner": "Homebrew",
        "repo": "brew",
        "rev": "b2cfc03346d482f79886de108fee5dc49a6efc10",
        "type": "github"
      },
      "original": {
        "owner": "Homebrew",
        "ref": "6.0.13",
        "repo": "brew",
        "type": "github"
      }
    },
    "gh-stack": {
      "flake": false,
      "locked": {
        "lastModified": 1785346327,
        "narHash": "sha256-48JkOeqbvHlCZ2u3LnwJymw55xMQWLTPJLDbV44clGI=",
        "owner": "github",
        "repo": "gh-stack",
        "rev": "a1b4a3d4d0bcde9ec3a78ab99b2d63af121857a9",
        "type": "github"
      },
      "original": {
        "owner": "github",
        "repo": "gh-stack",
        "rev": "a1b4a3d4d0bcde9ec3a78ab99b2d63af121857a9",
        "type": "github"
      }
    },
    "git-worktree-runner": {
      "flake": false,
      "locked": {
        "lastModified": 1789434759,
        "narHash": "sha256-FILrHGB4b8x7wKg5D7VaMStbrkIFhJ2qjPPc4R0WHBg=",
        "owner": "coderabbitai",
        "repo": "git-worktree-runner",
        "rev": "d576398fc0642dc91cc248f63635e4dea283d416",
        "type": "github"
      },
      "original": {
        "owner": "coderabbitai",
        "repo": "git-worktree-runner",
        "type": "github"
      }
    },
    "herdr-browser": {
      "flake": false,
      "locked": {
        "lastModified": 1785246706,
        "narHash": "sha256-4Dlo4YQpLPJKEPuXSS4EO5LMCmUn/tezEiIqlFXhCxo=",
        "owner": "ogulcancelik",
        "repo": "herdr-browser",
        "rev": "be6888b71cf4eb5939ee79a746bd1a1c22ade046",
        "type": "github"
      },
      "original": {
        "owner": "ogulcancelik",
        "repo": "herdr-browser",
        "rev": "be6888b71cf4eb5939ee79a746bd1a1c22ade046",
        "type": "github"
      }
    },
    "home-manager": {
      "inputs": {
        "nixpkgs": [
          "nixpkgs"
        ]
      },
      "locked": {
        "lastModified": 1789482455,
        "narHash": "sha256-pD3qVlQ4mUCFoTWrYtxecpSitQMsgJvJIN0FUIDZoEU=",
        "owner": "nix-community",
        "repo": "home-manager",
        "rev": "efa3ccb4c3cc90d832eab232976379058fa75aa3",
        "type": "github"
      },
      "original": {
        "owner": "nix-community",
        "ref": "master",
        "repo": "home-manager",
        "type": "github"
      }
    },
    "homebrew-k1low-tap": {
      "flake": false,
      "locked": {
        "lastModified": 1789452851,
        "narHash": "sha256-KFC46Wf7og8XhblmRXNLPApoiYM6krXlnhmD/m369pM=",
        "owner": "k1LoW",
        "repo": "homebrew-tap",
        "rev": "09d4de81944b6cab4bbfc1edace6cf120df800fe",
        "type": "github"
      },
      "original": {
        "owner": "k1LoW",
        "repo": "homebrew-tap",
        "type": "github"
      }
    },
    "homebrew-stablyai-orca-tap": {
      "flake": false,
      "locked": {
        "lastModified": 1789534736,
        "narHash": "sha256-u5i3gP63osepNOouqDjIdoxdAmWdExtofa0fwcYhjEU=",
        "owner": "stablyai",
        "repo": "homebrew-orca",
        "rev": "f48883cb41cfd0685915a65c535a3de87c663ac4",
        "type": "github"
      },
      "original": {
        "owner": "stablyai",
        "repo": "homebrew-orca",
        "type": "github"
      }
    },
    "mizchi-skills": {
      "flake": false,
      "locked": {
        "lastModified": 1789581361,
        "narHash": "sha256-ubk5JXgYS4JxNnJB4PQo++qITH1stTNHZqm3lX/0uwo=",
        "owner": "mizchi",
        "repo": "skills",
        "rev": "aa223d8c85ba4313e2ec6fb9251cc65d46ed3291",
        "type": "github"
      },
      "original": {
        "owner": "mizchi",
        "repo": "skills",
        "rev": "aa223d8c85ba4313e2ec6fb9251cc65d46ed3291",
        "type": "github"
      }
    },
    "nix-darwin": {
      "inputs": {
        "nixpkgs": [
          "nixpkgs"
        ]
      },
      "locked": {
        "lastModified": 1786845137,
        "narHash": "sha256-oQFip+v0luP8NIxJzmiW4Wu8bILsbFWom5l0zonl8hQ=",
        "owner": "nix-darwin",
        "repo": "nix-darwin",
        "rev": "4cff07de74b50e64bdd68cd4e722ab5b6b35ee48",
        "type": "github"
      },
      "original": {
        "owner": "nix-darwin",
        "ref": "master",
        "repo": "nix-darwin",
        "type": "github"
      }
    },
    "nix-homebrew": {
      "inputs": {
        "brew-src": [
          "brew-src"
        ]
      },
      "locked": {
        "lastModified": 1788981439,
        "narHash": "sha256-fEaFq0XgpgWFPLfpq1UK4/8ylHd2T0+fo6O3hKz1LUM=",
        "owner": "zhaofengli",
        "repo": "nix-homebrew",
        "rev": "09a921d0181146cf6163ec2cc1db7b6fd539a885",
        "type": "github"
      },
      "original": {
        "owner": "zhaofengli",
        "repo": "nix-homebrew",
        "type": "github"
      }
    },
    "nixpkgs": {
      "locked": {
        "lastModified": 1789370336,
        "narHash": "sha256-6RSEDHIWQtesQKWSu5qRai8L2h4KgCgMEfJHstW99G4=",
        "owner": "NixOS",
        "repo": "nixpkgs",
        "rev": "c7def046b9a883d46974757852106483d741586f",
        "type": "github"
      },
      "original": {
        "owner": "NixOS",
        "ref": "nixpkgs-unstable",
        "repo": "nixpkgs",
        "type": "github"
      }
    },
    "orca": {
      "flake": false,
      "locked": {
        "lastModified": 1788156337,
        "narHash": "sha256-fMZpbO+QE2vwL9w1aLboQBRrvejVuJeHZOF5SYEM7JY=",
        "owner": "stablyai",
        "repo": "orca",
        "rev": "6a65d8406a0da7833c6eabbb2a4f2a149ebb5c2e",
        "type": "github"
      },
      "original": {
        "owner": "stablyai",
        "repo": "orca",
        "rev": "6a65d8406a0da7833c6eabbb2a4f2a149ebb5c2e",
        "type": "github"
      }
    },
    "root": {
      "inputs": {
        "agent-skills": "agent-skills",
        "brew-src": "brew-src",
        "gh-stack": "gh-stack",
        "git-worktree-runner": "git-worktree-runner",
        "herdr-browser": "herdr-browser",
        "home-manager": "home-manager",
        "homebrew-k1low-tap": "homebrew-k1low-tap",
        "homebrew-stablyai-orca-tap": "homebrew-stablyai-orca-tap",
        "mizchi-skills": "mizchi-skills",
        "nix-darwin": "nix-darwin",
        "nix-homebrew": "nix-homebrew",
        "nixpkgs": "nixpkgs",
        "orca": "orca",
        "stop-ai-slop-jp": "stop-ai-slop-jp",
        "treefmt-nix": "treefmt-nix",
        "twg-cli": "twg-cli"
      }
    },
    "stop-ai-slop-jp": {
      "flake": false,
      "locked": {
        "lastModified": 1781179477,
        "narHash": "sha256-LsCBtbaQwQkiYtObhTmyZOZlL2MmCRd4EM5PZuH8Is0=",
        "owner": "iKora128",
        "repo": "stop-ai-slop-jp",
        "rev": "e09d32796f253a62693885757cea484c275d06f2",
        "type": "github"
      },
      "original": {
        "owner": "iKora128",
        "repo": "stop-ai-slop-jp",
        "rev": "e09d32796f253a62693885757cea484c275d06f2",
        "type": "github"
      }
    },
    "treefmt-nix": {
      "inputs": {
        "nixpkgs": [
          "nixpkgs"
        ]
      },
      "locked": {
        "lastModified": 1786901030,
        "narHash": "sha256-WSFCsDSE5ffgD2MqzkM2CYjeFiKhRF/dJUN8uedb6YE=",
        "owner": "numtide",
        "repo": "treefmt-nix",
        "rev": "27b3b12a8e6375f28ebe122f07d230ca5459bbfa",
        "type": "github"
      },
      "original": {
        "owner": "numtide",
        "repo": "treefmt-nix",
        "type": "github"
      }
    },
    "twg-cli": {
      "flake": false,
      "locked": {
        "lastModified": 1787543555,
        "narHash": "sha256-sjJpIY/9o6gT80zU6GAXjXHlzbgb1W8mQiH2Z6UAEfo=",
        "owner": "atlassian",
        "repo": "twg-cli",
        "rev": "81890e73d1169d28f400702a76f79fbbacc62414",
        "type": "github"
      },
      "original": {
        "owner": "atlassian",
        "repo": "twg-cli",
        "rev": "81890e73d1169d28f400702a76f79fbbacc62414",
        "type": "github"
      }
    }
  },
  "root": "root",
  "version": 7
}
