lockfile_version: '1'
generated_at: '2026-08-28T14:18:02.963769+00:00'
apm_version: 0.21.0
dependencies:
- repo_url: atlassian/twg-cli
  host: github.com
  resolved_commit: 81890e73d1169d28f400702a76f79fbbacc62414
  resolved_ref: 81890e73d1169d28f400702a76f79fbbacc62414
  virtual_path: skills/twg
  is_virtual: true
  package_type: claude_skill
  deployed_files:
  - .agents/skills/twg
  - .agents/skills/twg/LICENSE.txt
  - .agents/skills/twg/SKILL.md
  - .agents/skills/twg/references/ASSETS_GRAPH.md
  - .agents/skills/twg/references/HELP.md
  - .agents/skills/twg/references/OUTPUT.md
  - .agents/skills/twg/references/ROUTING.md
  - .agents/skills/twg/references/inferred-teams.md
  - .claude/skills/twg
  - .claude/skills/twg/LICENSE.txt
  - .claude/skills/twg/SKILL.md
  - .claude/skills/twg/references/ASSETS_GRAPH.md
  - .claude/skills/twg/references/HELP.md
  - .claude/skills/twg/references/OUTPUT.md
  - .claude/skills/twg/references/ROUTING.md
  - .claude/skills/twg/references/inferred-teams.md
  deployed_file_hashes:
    .agents/skills/twg/LICENSE.txt: sha256:1f01b4407ade11b471ba75b3dd5e3f99d03a25b553545dec777a78bf135a059b
    .agents/skills/twg/SKILL.md: sha256:b12bc9ce8aeb88d753c5c6285bda56a97b1794d0e5c0d822aa04708d1dfcc748
    .agents/skills/twg/references/ASSETS_GRAPH.md: sha256:a5804fb31644c51e2ce777ac0cf59cae0a174a6faa9fb55fea19122d509dd9cd
    .agents/skills/twg/references/HELP.md: sha256:9aa3a69f0583cd3941f37e084a7962288eae2162a3891b3c75341ff7e6c95033
    .agents/skills/twg/references/OUTPUT.md: sha256:91a4eb0de67acbac89258cad5be45a7dbb9f79942f259685908392934fdbd948
    .agents/skills/twg/references/ROUTING.md: sha256:d0941a171bcc9482bbbef89680a1c91d2546bc52e826cacb9fd392e4157fb294
    .agents/skills/twg/references/inferred-teams.md: sha256:309aedd206310748990ddbc8e774d17bcf878bccf59be55d1db116fa9a4af624
    .claude/skills/twg/LICENSE.txt: sha256:1f01b4407ade11b471ba75b3dd5e3f99d03a25b553545dec777a78bf135a059b
    .claude/skills/twg/SKILL.md: sha256:b12bc9ce8aeb88d753c5c6285bda56a97b1794d0e5c0d822aa04708d1dfcc748
    .claude/skills/twg/references/ASSETS_GRAPH.md: sha256:a5804fb31644c51e2ce777ac0cf59cae0a174a6faa9fb55fea19122d509dd9cd
    .claude/skills/twg/references/HELP.md: sha256:9aa3a69f0583cd3941f37e084a7962288eae2162a3891b3c75341ff7e6c95033
    .claude/skills/twg/references/OUTPUT.md: sha256:91a4eb0de67acbac89258cad5be45a7dbb9f79942f259685908392934fdbd948
    .claude/skills/twg/references/ROUTING.md: sha256:d0941a171bcc9482bbbef89680a1c91d2546bc52e826cacb9fd392e4157fb294
    .claude/skills/twg/references/inferred-teams.md: sha256:309aedd206310748990ddbc8e774d17bcf878bccf59be55d1db116fa9a4af624
  content_hash: sha256:e4907b4dc7c6aedcf480de704410819c11c808058dc4c31b199089ab3ba57b40
- repo_url: atlassian/twg-cli
  host: github.com
  resolved_commit: 81890e73d1169d28f400702a76f79fbbacc62414
  resolved_ref: 81890e73d1169d28f400702a76f79fbbacc62414
  virtual_path: skills/twg-agentic-search
  is_virtual: true
  package_type: claude_skill
  deployed_files:
  - .agents/skills/twg-agentic-search
  - .agents/skills/twg-agentic-search/LICENSE.txt
  - .agents/skills/twg-agentic-search/SKILL.md
  - .claude/skills/twg-agentic-search
  - .claude/skills/twg-agentic-search/LICENSE.txt
  - .claude/skills/twg-agentic-search/SKILL.md
  deployed_file_hashes:
    .agents/skills/twg-agentic-search/LICENSE.txt: sha256:1f01b4407ade11b471ba75b3dd5e3f99d03a25b553545dec777a78bf135a059b
    .agents/skills/twg-agentic-search/SKILL.md: sha256:e40cbea4b559a6088c27c0190e738634a95852c24244feb414374ef6fc014200
    .claude/skills/twg-agentic-search/LICENSE.txt: sha256:1f01b4407ade11b471ba75b3dd5e3f99d03a25b553545dec777a78bf135a059b
    .claude/skills/twg-agentic-search/SKILL.md: sha256:e40cbea4b559a6088c27c0190e738634a95852c24244feb414374ef6fc014200
  content_hash: sha256:09d2ba0a3862cb4a68c4ccd205f2ded57edf1a74d59e9b604f2496d1e4496903
- repo_url: atlassian/twg-cli
  host: github.com
  resolved_commit: 81890e73d1169d28f400702a76f79fbbacc62414
  resolved_ref: 81890e73d1169d28f400702a76f79fbbacc62414
  virtual_path: skills/twg-bench-lite
  is_virtual: true
  package_type: claude_skill
  deployed_files:
  - .agents/skills/twg-bench-lite
  - .agents/skills/twg-bench-lite/LICENSE.txt
  - .agents/skills/twg-bench-lite/SKILL.md
  - .agents/skills/twg-bench-lite/agents/openai.yaml
  - .agents/skills/twg-bench-lite/scripts/benchmark-lite/contract.json
  - .agents/skills/twg-bench-lite/scripts/benchmark-lite/report-renderer.mjs
  - .agents/skills/twg-bench-lite/scripts/benchmark-lite/runner.mjs
  - .claude/skills/twg-bench-lite
  - .claude/skills/twg-bench-lite/LICENSE.txt
  - .claude/skills/twg-bench-lite/SKILL.md
  - .claude/skills/twg-bench-lite/agents/openai.yaml
  - .claude/skills/twg-bench-lite/scripts/benchmark-lite/contract.json
  - .claude/skills/twg-bench-lite/scripts/benchmark-lite/report-renderer.mjs
  - .claude/skills/twg-bench-lite/scripts/benchmark-lite/runner.mjs
  deployed_file_hashes:
    .agents/skills/twg-bench-lite/LICENSE.txt: sha256:1f01b4407ade11b471ba75b3dd5e3f99d03a25b553545dec777a78bf135a059b
    .agents/skills/twg-bench-lite/SKILL.md: sha256:3273a943281be4c660ca45234f09cc2f4c5f722219373e39aedc1ea4a5c51b98
    .agents/skills/twg-bench-lite/agents/openai.yaml: sha256:978147259c53ae705ab4d8c547018ab627d527f17b052a186c75b83c61c92d8d
    .agents/skills/twg-bench-lite/scripts/benchmark-lite/contract.json: sha256:a83a68e5416020fd01f5ae71110b3d64ce904fd51f00fd2ddf44184eeda5aaf7
    .agents/skills/twg-bench-lite/scripts/benchmark-lite/report-renderer.mjs: sha256:ff94a005d2bad837b2f2e505030c0b7a17dfe7c31f83be4ec998cf7ab26144bb
    .agents/skills/twg-bench-lite/scripts/benchmark-lite/runner.mjs: sha256:49e069b0f742859a9a1565a14a9a9ab91bf915167b5d0915eb8872680347a7ec
    .claude/skills/twg-bench-lite/LICENSE.txt: sha256:1f01b4407ade11b471ba75b3dd5e3f99d03a25b553545dec777a78bf135a059b
    .claude/skills/twg-bench-lite/SKILL.md: sha256:3273a943281be4c660ca45234f09cc2f4c5f722219373e39aedc1ea4a5c51b98
    .claude/skills/twg-bench-lite/agents/openai.yaml: sha256:978147259c53ae705ab4d8c547018ab627d527f17b052a186c75b83c61c92d8d
    .claude/skills/twg-bench-lite/scripts/benchmark-lite/contract.json: sha256:a83a68e5416020fd01f5ae71110b3d64ce904fd51f00fd2ddf44184eeda5aaf7
    .claude/skills/twg-bench-lite/scripts/benchmark-lite/report-renderer.mjs: sha256:ff94a005d2bad837b2f2e505030c0b7a17dfe7c31f83be4ec998cf7ab26144bb
    .claude/skills/twg-bench-lite/scripts/benchmark-lite/runner.mjs: sha256:49e069b0f742859a9a1565a14a9a9ab91bf915167b5d0915eb8872680347a7ec
  content_hash: sha256:7e0e008699540465801d9452ac1c6be177f431e44f02806904007e09238b55e9
- repo_url: atlassian/twg-cli
  host: github.com
  resolved_commit: 81890e73d1169d28f400702a76f79fbbacc62414
  resolved_ref: 81890e73d1169d28f400702a76f79fbbacc62414
  virtual_path: skills/twg-confluence
  is_virtual: true
  package_type: claude_skill
  deployed_files:
  - .agents/skills/twg-confluence
  - .agents/skills/twg-confluence/LICENSE.txt
  - .agents/skills/twg-confluence/SKILL.md
  - .agents/skills/twg-confluence/references/body-formats.md
  - .agents/skills/twg-confluence/references/content.md
  - .agents/skills/twg-confluence/references/editing.md
  - .agents/skills/twg-confluence/references/querying.md
  - .agents/skills/twg-confluence/references/spaces.md
  - .claude/skills/twg-confluence
  - .claude/skills/twg-confluence/LICENSE.txt
  - .claude/skills/twg-confluence/SKILL.md
  - .claude/skills/twg-confluence/references/body-formats.md
  - .claude/skills/twg-confluence/references/content.md
  - .claude/skills/twg-confluence/references/editing.md
  - .claude/skills/twg-confluence/references/querying.md
  - .claude/skills/twg-confluence/references/spaces.md
  deployed_file_hashes:
    .agents/skills/twg-confluence/LICENSE.txt: sha256:1f01b4407ade11b471ba75b3dd5e3f99d03a25b553545dec777a78bf135a059b
    .agents/skills/twg-confluence/SKILL.md: sha256:4e2859aa5bd4d4a6e147dcbd1892b1db758408e8d1373ac243712fc59c38af80
    .agents/skills/twg-confluence/references/body-formats.md: sha256:0c8c2f15a4a244697fa4d810e30c032d32e9170fc1b8a5d6d9b1a5f5039df843
    .agents/skills/twg-confluence/references/content.md: sha256:07e4d55948f74b03b97185c69a0e321716934f8a93e137af0ae43a96e83b2b3a
    .agents/skills/twg-confluence/references/editing.md: sha256:a45f0bd84731e8fd08d6ae96825dc95635b7bc23809b8c6f57695062b0f9577d
    .agents/skills/twg-confluence/references/querying.md: sha256:ec06c61699fe5156bcea75cfc0a3d6e12634a4412e139667ae0c5e98a28b4efe
    .agents/skills/twg-confluence/references/spaces.md: sha256:e33e2af8f9acb476781f2e8c96575c720470868641adee19ae751c060fa6d6bd
    .claude/skills/twg-confluence/LICENSE.txt: sha256:1f01b4407ade11b471ba75b3dd5e3f99d03a25b553545dec777a78bf135a059b
    .claude/skills/twg-confluence/SKILL.md: sha256:4e2859aa5bd4d4a6e147dcbd1892b1db758408e8d1373ac243712fc59c38af80
    .claude/skills/twg-confluence/references/body-formats.md: sha256:0c8c2f15a4a244697fa4d810e30c032d32e9170fc1b8a5d6d9b1a5f5039df843
    .claude/skills/twg-confluence/references/content.md: sha256:07e4d55948f74b03b97185c69a0e321716934f8a93e137af0ae43a96e83b2b3a
    .claude/skills/twg-confluence/references/editing.md: sha256:a45f0bd84731e8fd08d6ae96825dc95635b7bc23809b8c6f57695062b0f9577d
    .claude/skills/twg-confluence/references/querying.md: sha256:ec06c61699fe5156bcea75cfc0a3d6e12634a4412e139667ae0c5e98a28b4efe
    .claude/skills/twg-confluence/references/spaces.md: sha256:e33e2af8f9acb476781f2e8c96575c720470868641adee19ae751c060fa6d6bd
  content_hash: sha256:1f3a5c1220b26432903acaa4b2815fa41aa5ee21f0335cab7d92efa6b9bcd27c
- repo_url: atlassian/twg-cli
  host: github.com
  resolved_commit: 81890e73d1169d28f400702a76f79fbbacc62414
  resolved_ref: 81890e73d1169d28f400702a76f79fbbacc62414
  virtual_path: skills/twg-context-discovery
  is_virtual: true
  package_type: claude_skill
  deployed_files:
  - .agents/skills/twg-context-discovery
  - .agents/skills/twg-context-discovery/LICENSE.txt
  - .agents/skills/twg-context-discovery/SKILL.md
  - .claude/skills/twg-context-discovery
  - .claude/skills/twg-context-discovery/LICENSE.txt
  - .claude/skills/twg-context-discovery/SKILL.md
  deployed_file_hashes:
    .agents/skills/twg-context-discovery/LICENSE.txt: sha256:1f01b4407ade11b471ba75b3dd5e3f99d03a25b553545dec777a78bf135a059b
    .agents/skills/twg-context-discovery/SKILL.md: sha256:0771d41d940b963d005a6ec8cfd02da613860b6c1e8e9c0d975110adbfdc944f
    .claude/skills/twg-context-discovery/LICENSE.txt: sha256:1f01b4407ade11b471ba75b3dd5e3f99d03a25b553545dec777a78bf135a059b
    .claude/skills/twg-context-discovery/SKILL.md: sha256:0771d41d940b963d005a6ec8cfd02da613860b6c1e8e9c0d975110adbfdc944f
  content_hash: sha256:9c3cdf01faf483b6418f824438c43f4bfa4c6264441c2a38ce2fa64ab0123e22
- repo_url: atlassian/twg-cli
  host: github.com
  resolved_commit: 81890e73d1169d28f400702a76f79fbbacc62414
  resolved_ref: 81890e73d1169d28f400702a76f79fbbacc62414
  virtual_path: skills/twg-engineering-work
  is_virtual: true
  package_type: claude_skill
  deployed_files:
  - .agents/skills/twg-engineering-work
  - .agents/skills/twg-engineering-work/LICENSE.txt
  - .agents/skills/twg-engineering-work/SKILL.md
  - .agents/skills/twg-engineering-work/references/code-search.md
  - .agents/skills/twg-engineering-work/references/pr-only-status.md
  - .claude/skills/twg-engineering-work
  - .claude/skills/twg-engineering-work/LICENSE.txt
  - .claude/skills/twg-engineering-work/SKILL.md
  - .claude/skills/twg-engineering-work/references/code-search.md
  - .claude/skills/twg-engineering-work/references/pr-only-status.md
  deployed_file_hashes:
    .agents/skills/twg-engineering-work/LICENSE.txt: sha256:1f01b4407ade11b471ba75b3dd5e3f99d03a25b553545dec777a78bf135a059b
    .agents/skills/twg-engineering-work/SKILL.md: sha256:9fb904edd77df0741313824c15cdf3ee7e89813186faf30c1129e7118658bb38
    .agents/skills/twg-engineering-work/references/code-search.md: sha256:e64f87abb1041c44e9b36b6ef8425f0fa834632058ca51a974044bc0da83a788
    .agents/skills/twg-engineering-work/references/pr-only-status.md: sha256:0deda95df9caa0dce2cd7ff2e53840badf0fff1fe398de633423f67954ff417d
    .claude/skills/twg-engineering-work/LICENSE.txt: sha256:1f01b4407ade11b471ba75b3dd5e3f99d03a25b553545dec777a78bf135a059b
    .claude/skills/twg-engineering-work/SKILL.md: sha256:9fb904edd77df0741313824c15cdf3ee7e89813186faf30c1129e7118658bb38
    .claude/skills/twg-engineering-work/references/code-search.md: sha256:e64f87abb1041c44e9b36b6ef8425f0fa834632058ca51a974044bc0da83a788
    .claude/skills/twg-engineering-work/references/pr-only-status.md: sha256:0deda95df9caa0dce2cd7ff2e53840badf0fff1fe398de633423f67954ff417d
  content_hash: sha256:72f0d02ce126d4227822287c0199cfbc6f2ca345f5ad14d9633fb665a702502e
- repo_url: atlassian/twg-cli
  host: github.com
  resolved_commit: 81890e73d1169d28f400702a76f79fbbacc62414
  resolved_ref: 81890e73d1169d28f400702a76f79fbbacc62414
  virtual_path: skills/twg-jira
  is_virtual: true
  package_type: claude_skill
  deployed_files:
  - .agents/skills/twg-jira
  - .agents/skills/twg-jira/LICENSE.txt
  - .agents/skills/twg-jira/SKILL.md
  - .agents/skills/twg-jira/references/administration.md
  - .agents/skills/twg-jira/references/duplicates.md
  - .agents/skills/twg-jira/references/fields-and-transitions.md
  - .agents/skills/twg-jira/references/querying.md
  - .agents/skills/twg-jira/references/rich-content.md
  - .agents/skills/twg-jira/references/workitems.md
  - .claude/skills/twg-jira
  - .claude/skills/twg-jira/LICENSE.txt
  - .claude/skills/twg-jira/SKILL.md
  - .claude/skills/twg-jira/references/administration.md
  - .claude/skills/twg-jira/references/duplicates.md
  - .claude/skills/twg-jira/references/fields-and-transitions.md
  - .claude/skills/twg-jira/references/querying.md
  - .claude/skills/twg-jira/references/rich-content.md
  - .claude/skills/twg-jira/references/workitems.md
  deployed_file_hashes:
    .agents/skills/twg-jira/LICENSE.txt: sha256:1f01b4407ade11b471ba75b3dd5e3f99d03a25b553545dec777a78bf135a059b
    .agents/skills/twg-jira/SKILL.md: sha256:8d9ba4967ca0e422ac26a669f7989f2edff284ba43b256aad8bba9b6783994fd
    .agents/skills/twg-jira/references/administration.md: sha256:037cabbe15767d3c42305103b26bcca870cde2c69bc7494bd372bcffe0e9a843
    .agents/skills/twg-jira/references/duplicates.md: sha256:9028f1f670a7a4a0d8173c224523b6b3e358d2990033460ea8ad971d87bdba1e
    .agents/skills/twg-jira/references/fields-and-transitions.md: sha256:4979fef3e8aaed72a3f7d5091b584400add5de224a0d2a390deedb80b971afd3
    .agents/skills/twg-jira/references/querying.md: sha256:fb7ca7f87dd20a6b85a0907f84be996d2032362af33a793ab16b2e345dd4e39d
    .agents/skills/twg-jira/references/rich-content.md: sha256:d26553406504f29ee509d029fd3db7922157c7b6c04631e908bceb2423f06524
    .agents/skills/twg-jira/references/workitems.md: sha256:0b04a44dc4f3c62b2286a249f477fbbbf7f0607f05317b3ba5585c449126eb06
    .claude/skills/twg-jira/LICENSE.txt: sha256:1f01b4407ade11b471ba75b3dd5e3f99d03a25b553545dec777a78bf135a059b
    .claude/skills/twg-jira/SKILL.md: sha256:8d9ba4967ca0e422ac26a669f7989f2edff284ba43b256aad8bba9b6783994fd
    .claude/skills/twg-jira/references/administration.md: sha256:037cabbe15767d3c42305103b26bcca870cde2c69bc7494bd372bcffe0e9a843
    .claude/skills/twg-jira/references/duplicates.md: sha256:9028f1f670a7a4a0d8173c224523b6b3e358d2990033460ea8ad971d87bdba1e
    .claude/skills/twg-jira/references/fields-and-transitions.md: sha256:4979fef3e8aaed72a3f7d5091b584400add5de224a0d2a390deedb80b971afd3
    .claude/skills/twg-jira/references/querying.md: sha256:fb7ca7f87dd20a6b85a0907f84be996d2032362af33a793ab16b2e345dd4e39d
    .claude/skills/twg-jira/references/rich-content.md: sha256:d26553406504f29ee509d029fd3db7922157c7b6c04631e908bceb2423f06524
    .claude/skills/twg-jira/references/workitems.md: sha256:0b04a44dc4f3c62b2286a249f477fbbbf7f0607f05317b3ba5585c449126eb06
  content_hash: sha256:1479e37982a663c782e145d5debbffa2f30d64dbe34b1876023b398b92295073
- repo_url: atlassian/twg-cli
  host: github.com
  resolved_commit: 81890e73d1169d28f400702a76f79fbbacc62414
  resolved_ref: 81890e73d1169d28f400702a76f79fbbacc62414
  virtual_path: skills/twg-jira-resolve-merged-work
  is_virtual: true
  package_type: claude_skill
  deployed_files:
  - .agents/skills/twg-jira-resolve-merged-work
  - .agents/skills/twg-jira-resolve-merged-work/LICENSE.txt
  - .agents/skills/twg-jira-resolve-merged-work/SKILL.md
  - .claude/skills/twg-jira-resolve-merged-work
  - .claude/skills/twg-jira-resolve-merged-work/LICENSE.txt
  - .claude/skills/twg-jira-resolve-merged-work/SKILL.md
  deployed_file_hashes:
    .agents/skills/twg-jira-resolve-merged-work/LICENSE.txt: sha256:1f01b4407ade11b471ba75b3dd5e3f99d03a25b553545dec777a78bf135a059b
    .agents/skills/twg-jira-resolve-merged-work/SKILL.md: sha256:92f2a8e27bc24a67bcc9cc443c3aa7bd29a63019ede7debdee96b904b01ba5d2
    .claude/skills/twg-jira-resolve-merged-work/LICENSE.txt: sha256:1f01b4407ade11b471ba75b3dd5e3f99d03a25b553545dec777a78bf135a059b
    .claude/skills/twg-jira-resolve-merged-work/SKILL.md: sha256:92f2a8e27bc24a67bcc9cc443c3aa7bd29a63019ede7debdee96b904b01ba5d2
  content_hash: sha256:b3536db56ce1706eb9b706fed72ffb9857659f2aacf829a7d897090d0ef6d886
- repo_url: atlassian/twg-cli
  host: github.com
  resolved_commit: 81890e73d1169d28f400702a76f79fbbacc62414
  resolved_ref: 81890e73d1169d28f400702a76f79fbbacc62414
  virtual_path: skills/twg-operational-health
  is_virtual: true
  package_type: claude_skill
  deployed_files:
  - .agents/skills/twg-operational-health
  - .agents/skills/twg-operational-health/LICENSE.txt
  - .agents/skills/twg-operational-health/SKILL.md
  - .agents/skills/twg-operational-health/references/assets.md
  - .agents/skills/twg-operational-health/references/incident-investigation.md
  - .agents/skills/twg-operational-health/references/pir-root-cause.md
  - .agents/skills/twg-operational-health/references/reliability-review.md
  - .claude/skills/twg-operational-health
  - .claude/skills/twg-operational-health/LICENSE.txt
  - .claude/skills/twg-operational-health/SKILL.md
  - .claude/skills/twg-operational-health/references/assets.md
  - .claude/skills/twg-operational-health/references/incident-investigation.md
  - .claude/skills/twg-operational-health/references/pir-root-cause.md
  - .claude/skills/twg-operational-health/references/reliability-review.md
  deployed_file_hashes:
    .agents/skills/twg-operational-health/LICENSE.txt: sha256:1f01b4407ade11b471ba75b3dd5e3f99d03a25b553545dec777a78bf135a059b
    .agents/skills/twg-operational-health/SKILL.md: sha256:77ba774f85babc947d7206404a05cea76853c8d2bceab841a65391b1f3f0d569
    .agents/skills/twg-operational-health/references/assets.md: sha256:b3e1ac45cd16199053b1ff5ba8420f734c99d6814ff7336028337c5394ce749f
    .agents/skills/twg-operational-health/references/incident-investigation.md: sha256:dacb49acd3ca0d25f001fb828ba612e37ab02c8dfa05a3efded19d04fda684b6
    .agents/skills/twg-operational-health/references/pir-root-cause.md: sha256:84c20990a6fe70cf2e5e541013842ac616f431fecda5f7f0886fef51cf5ad838
    .agents/skills/twg-operational-health/references/reliability-review.md: sha256:7d1a022b0576767a0461b2bbdc7930ff427242b83fbe01c1e98ce74f72c5c511
    .claude/skills/twg-operational-health/LICENSE.txt: sha256:1f01b4407ade11b471ba75b3dd5e3f99d03a25b553545dec777a78bf135a059b
    .claude/skills/twg-operational-health/SKILL.md: sha256:77ba774f85babc947d7206404a05cea76853c8d2bceab841a65391b1f3f0d569
    .claude/skills/twg-operational-health/references/assets.md: sha256:b3e1ac45cd16199053b1ff5ba8420f734c99d6814ff7336028337c5394ce749f
    .claude/skills/twg-operational-health/references/incident-investigation.md: sha256:dacb49acd3ca0d25f001fb828ba612e37ab02c8dfa05a3efded19d04fda684b6
    .claude/skills/twg-operational-health/references/pir-root-cause.md: sha256:84c20990a6fe70cf2e5e541013842ac616f431fecda5f7f0886fef51cf5ad838
    .claude/skills/twg-operational-health/references/reliability-review.md: sha256:7d1a022b0576767a0461b2bbdc7930ff427242b83fbe01c1e98ce74f72c5c511
  content_hash: sha256:115071b3fa527541adffc31d7706326c45d322f3d2f09613948f038ee82c6aa9
- repo_url: atlassian/twg-cli
  host: github.com
  resolved_commit: 81890e73d1169d28f400702a76f79fbbacc62414
  resolved_ref: 81890e73d1169d28f400702a76f79fbbacc62414
  virtual_path: skills/twg-responsibility-routing
  is_virtual: true
  package_type: claude_skill
  deployed_files:
  - .agents/skills/twg-responsibility-routing
  - .agents/skills/twg-responsibility-routing/LICENSE.txt
  - .agents/skills/twg-responsibility-routing/SKILL.md
  - .agents/skills/twg-responsibility-routing/agents/openai.yaml
  - .claude/skills/twg-responsibility-routing
  - .claude/skills/twg-responsibility-routing/LICENSE.txt
  - .claude/skills/twg-responsibility-routing/SKILL.md
  - .claude/skills/twg-responsibility-routing/agents/openai.yaml
  deployed_file_hashes:
    .agents/skills/twg-responsibility-routing/LICENSE.txt: sha256:1f01b4407ade11b471ba75b3dd5e3f99d03a25b553545dec777a78bf135a059b
    .agents/skills/twg-responsibility-routing/SKILL.md: sha256:f885d3941912df5a2e616f51a9e260f6e5668133ae9340468d33f7bdcc97060d
    .agents/skills/twg-responsibility-routing/agents/openai.yaml: sha256:df5d452d54c6ae52d0c3c69dcdce3d7e83763a5862b457ed9eb1cbf0d398915c
    .claude/skills/twg-responsibility-routing/LICENSE.txt: sha256:1f01b4407ade11b471ba75b3dd5e3f99d03a25b553545dec777a78bf135a059b
    .claude/skills/twg-responsibility-routing/SKILL.md: sha256:f885d3941912df5a2e616f51a9e260f6e5668133ae9340468d33f7bdcc97060d
    .claude/skills/twg-responsibility-routing/agents/openai.yaml: sha256:df5d452d54c6ae52d0c3c69dcdce3d7e83763a5862b457ed9eb1cbf0d398915c
  content_hash: sha256:c20f986f23a36de80e6e183157986b4f1a46fca5e6cd0b933cce3e7e0ab71433
- repo_url: atlassian/twg-cli
  host: github.com
  resolved_commit: 81890e73d1169d28f400702a76f79fbbacc62414
  resolved_ref: 81890e73d1169d28f400702a76f79fbbacc62414
  virtual_path: skills/twg-status-rollups
  is_virtual: true
  package_type: claude_skill
  deployed_files:
  - .agents/skills/twg-status-rollups
  - .agents/skills/twg-status-rollups/LICENSE.txt
  - .agents/skills/twg-status-rollups/SKILL.md
  - .agents/skills/twg-status-rollups/references/decision-readiness.md
  - .agents/skills/twg-status-rollups/references/personal-work-summary.md
  - .claude/skills/twg-status-rollups
  - .claude/skills/twg-status-rollups/LICENSE.txt
  - .claude/skills/twg-status-rollups/SKILL.md
  - .claude/skills/twg-status-rollups/references/decision-readiness.md
  - .claude/skills/twg-status-rollups/references/personal-work-summary.md
  deployed_file_hashes:
    .agents/skills/twg-status-rollups/LICENSE.txt: sha256:1f01b4407ade11b471ba75b3dd5e3f99d03a25b553545dec777a78bf135a059b
    .agents/skills/twg-status-rollups/SKILL.md: sha256:aafb591383ce74a6198d18ce20cbd69071c6f3415452c13f7e929b153e02836e
    .agents/skills/twg-status-rollups/references/decision-readiness.md: sha256:27937a68504ad0fbc5e7ab85b4c60ae1f4f743e4e00ad72785249e96d5513fce
    .agents/skills/twg-status-rollups/references/personal-work-summary.md: sha256:67f6baed73a9c38c6939376e39c0f051fe8b8a0c8f1be73da939bdb1c2525214
    .claude/skills/twg-status-rollups/LICENSE.txt: sha256:1f01b4407ade11b471ba75b3dd5e3f99d03a25b553545dec777a78bf135a059b
    .claude/skills/twg-status-rollups/SKILL.md: sha256:aafb591383ce74a6198d18ce20cbd69071c6f3415452c13f7e929b153e02836e
    .claude/skills/twg-status-rollups/references/decision-readiness.md: sha256:27937a68504ad0fbc5e7ab85b4c60ae1f4f743e4e00ad72785249e96d5513fce
    .claude/skills/twg-status-rollups/references/personal-work-summary.md: sha256:67f6baed73a9c38c6939376e39c0f051fe8b8a0c8f1be73da939bdb1c2525214
  content_hash: sha256:2175c5d253318196fa2fbe402b43df32dcdff89667ac1faa5f121641157e2edb
- repo_url: github/gh-stack
  host: github.com
  resolved_commit: a1b4a3d4d0bcde9ec3a78ab99b2d63af121857a9
  resolved_ref: a1b4a3d4d0bcde9ec3a78ab99b2d63af121857a9
  virtual_path: skills/gh-stack
  is_virtual: true
  package_type: claude_skill
  deployed_files:
  - .agents/skills/gh-stack
  - .agents/skills/gh-stack/SKILL.md
  - .claude/skills/gh-stack
  - .claude/skills/gh-stack/SKILL.md
  deployed_file_hashes:
    .agents/skills/gh-stack/SKILL.md: sha256:0fe9beb1f46e022036be7c7d825b1eb2b1d96bbbf816259e0411218ae28c24e0
    .claude/skills/gh-stack/SKILL.md: sha256:0fe9beb1f46e022036be7c7d825b1eb2b1d96bbbf816259e0411218ae28c24e0
  content_hash: sha256:10a4da93d82f822cbcd2eec43ec8ccf02d70bc98662b86531c6fb00de9856c65
- repo_url: iKora128/stop-ai-slop-jp
  host: github.com
  resolved_commit: e09d32796f253a62693885757cea484c275d06f2
  resolved_ref: e09d32796f253a62693885757cea484c275d06f2
  package_type: claude_skill
  deployed_files:
  - .agents/skills/stop-ai-slop-jp
  - .agents/skills/stop-ai-slop-jp/.gitignore
  - .agents/skills/stop-ai-slop-jp/CHANGELOG.md
  - .agents/skills/stop-ai-slop-jp/LICENSE
  - .agents/skills/stop-ai-slop-jp/README.en.md
  - .agents/skills/stop-ai-slop-jp/README.md
  - .agents/skills/stop-ai-slop-jp/SKILL.md
  - .agents/skills/stop-ai-slop-jp/references/examples.md
  - .agents/skills/stop-ai-slop-jp/references/phrases.md
  - .agents/skills/stop-ai-slop-jp/references/structures.md
  - .claude/skills/stop-ai-slop-jp
  - .claude/skills/stop-ai-slop-jp/.gitignore
  - .claude/skills/stop-ai-slop-jp/CHANGELOG.md
  - .claude/skills/stop-ai-slop-jp/LICENSE
  - .claude/skills/stop-ai-slop-jp/README.en.md
  - .claude/skills/stop-ai-slop-jp/README.md
  - .claude/skills/stop-ai-slop-jp/SKILL.md
  - .claude/skills/stop-ai-slop-jp/references/examples.md
  - .claude/skills/stop-ai-slop-jp/references/phrases.md
  - .claude/skills/stop-ai-slop-jp/references/structures.md
  deployed_file_hashes:
    .agents/skills/stop-ai-slop-jp/.gitignore: sha256:cf237c7aff44efbe6e502e645c3e06da03a69d7bdeb43392108ef3348143417e
    .agents/skills/stop-ai-slop-jp/CHANGELOG.md: sha256:13b54e7ba2750b34f62c04ee47a29495777348e7ff90847078e3029dd1c742bd
    .agents/skills/stop-ai-slop-jp/LICENSE: sha256:f9145903368bf0483fec06d7f2ed12d2e20667190783a7ffea161e92ff39f301
    .agents/skills/stop-ai-slop-jp/README.en.md: sha256:37874550afb353707d5ef3f2706c776c4f97e3fe904dcf1057fc4c3ab66d3d40
    .agents/skills/stop-ai-slop-jp/README.md: sha256:555c1fcabb809420cb5b8de240ab0be49e88a915bac872ce12a0b35b7916f4d8
    .agents/skills/stop-ai-slop-jp/SKILL.md: sha256:4da89e5f9c69ce69a8d6c04e8f3d238686cd3a3ba3946c5cfadad805116c50f3
    .agents/skills/stop-ai-slop-jp/references/examples.md: sha256:a971dfc0f69e914365d29b7566cf1dbcf4cbaf3abf3c331b384e8d29beb9b5f5
    .agents/skills/stop-ai-slop-jp/references/phrases.md: sha256:0e23388b43146d7f560cdc04a1f8ebe3518b57889404e39fa258b025ab4d2003
    .agents/skills/stop-ai-slop-jp/references/structures.md: sha256:af7447458633e522394a153295ac2a5ef8c14c6e82befae212a0650058e52969
    .claude/skills/stop-ai-slop-jp/.gitignore: sha256:cf237c7aff44efbe6e502e645c3e06da03a69d7bdeb43392108ef3348143417e
    .claude/skills/stop-ai-slop-jp/CHANGELOG.md: sha256:13b54e7ba2750b34f62c04ee47a29495777348e7ff90847078e3029dd1c742bd
    .claude/skills/stop-ai-slop-jp/LICENSE: sha256:f9145903368bf0483fec06d7f2ed12d2e20667190783a7ffea161e92ff39f301
    .claude/skills/stop-ai-slop-jp/README.en.md: sha256:37874550afb353707d5ef3f2706c776c4f97e3fe904dcf1057fc4c3ab66d3d40
    .claude/skills/stop-ai-slop-jp/README.md: sha256:555c1fcabb809420cb5b8de240ab0be49e88a915bac872ce12a0b35b7916f4d8
    .claude/skills/stop-ai-slop-jp/SKILL.md: sha256:4da89e5f9c69ce69a8d6c04e8f3d238686cd3a3ba3946c5cfadad805116c50f3
    .claude/skills/stop-ai-slop-jp/references/examples.md: sha256:a971dfc0f69e914365d29b7566cf1dbcf4cbaf3abf3c331b384e8d29beb9b5f5
    .claude/skills/stop-ai-slop-jp/references/phrases.md: sha256:0e23388b43146d7f560cdc04a1f8ebe3518b57889404e39fa258b025ab4d2003
    .claude/skills/stop-ai-slop-jp/references/structures.md: sha256:af7447458633e522394a153295ac2a5ef8c14c6e82befae212a0650058e52969
  content_hash: sha256:2e81e3a96cd7e5eaaf6fae3a597a76c8538c027a3ec86b8643cb454dc231f8ff
- repo_url: mizchi/skills
  host: github.com
  resolved_commit: 7a0d72866a0bb3e9ac3e2768c328b09ba2bc40c4
  resolved_ref: 7a0d72866a0bb3e9ac3e2768c328b09ba2bc40c4
  virtual_path: meta/empirical-prompt-tuning
  is_virtual: true
  package_type: claude_skill
  deployed_files:
  - .agents/skills/empirical-prompt-tuning
  - .agents/skills/empirical-prompt-tuning/README.md
  - .agents/skills/empirical-prompt-tuning/SKILL-ja.md
  - .agents/skills/empirical-prompt-tuning/SKILL.md
  - .claude/skills/empirical-prompt-tuning
  - .claude/skills/empirical-prompt-tuning/README.md
  - .claude/skills/empirical-prompt-tuning/SKILL-ja.md
  - .claude/skills/empirical-prompt-tuning/SKILL.md
  deployed_file_hashes:
    .agents/skills/empirical-prompt-tuning/README.md: sha256:c7db7d27122bcffe416e5607700a7cd1778cad260d3e104c5bb6da7b7f976b3d
    .agents/skills/empirical-prompt-tuning/SKILL-ja.md: sha256:0a38d830802c2e08a7faca13928fedf6911e00b896946b4b03910d662de6dea5
    .agents/skills/empirical-prompt-tuning/SKILL.md: sha256:252418e7ef022981d2dda2e3ec57fa1c786d30af68c50b7e062edf1d7361b0cb
    .claude/skills/empirical-prompt-tuning/README.md: sha256:c7db7d27122bcffe416e5607700a7cd1778cad260d3e104c5bb6da7b7f976b3d
    .claude/skills/empirical-prompt-tuning/SKILL-ja.md: sha256:0a38d830802c2e08a7faca13928fedf6911e00b896946b4b03910d662de6dea5
    .claude/skills/empirical-prompt-tuning/SKILL.md: sha256:252418e7ef022981d2dda2e3ec57fa1c786d30af68c50b7e062edf1d7361b0cb
  content_hash: sha256:20e7fba93c7267ba6e3a7b27787ca49191b762dffcfb804b01da9183b1b0c891
- repo_url: mizchi/skills
  host: github.com
  resolved_commit: 7a0d72866a0bb3e9ac3e2768c328b09ba2bc40c4
  resolved_ref: 7a0d72866a0bb3e9ac3e2768c328b09ba2bc40c4
  virtual_path: meta/extract-glossary
  is_virtual: true
  package_type: claude_skill
  deployed_files:
  - .agents/skills/extract-glossary
  - .agents/skills/extract-glossary/README.md
  - .agents/skills/extract-glossary/SKILL.md
  - .claude/skills/extract-glossary
  - .claude/skills/extract-glossary/README.md
  - .claude/skills/extract-glossary/SKILL.md
  deployed_file_hashes:
    .agents/skills/extract-glossary/README.md: sha256:3d1143b0665b3b59a3d9e8a60c331e89e43a2b9a1a775a80db2e5585fded98fd
    .agents/skills/extract-glossary/SKILL.md: sha256:4fc93b67c0ade44bc194b7522de29c7ede6608d8de96f3dbd435b5578e7e7a0a
    .claude/skills/extract-glossary/README.md: sha256:3d1143b0665b3b59a3d9e8a60c331e89e43a2b9a1a775a80db2e5585fded98fd
    .claude/skills/extract-glossary/SKILL.md: sha256:4fc93b67c0ade44bc194b7522de29c7ede6608d8de96f3dbd435b5578e7e7a0a
  content_hash: sha256:43e850db3f9bbbc05625b571569378e329ee9ca16623895188bacd934f5224dd
- repo_url: mizchi/skills
  host: github.com
  resolved_commit: 7a0d72866a0bb3e9ac3e2768c328b09ba2bc40c4
  resolved_ref: 7a0d72866a0bb3e9ac3e2768c328b09ba2bc40c4
  virtual_path: meta/optimizing-descriptions
  is_virtual: true
  package_type: claude_skill
  deployed_files:
  - .agents/skills/optimizing-descriptions
  - .agents/skills/optimizing-descriptions/README.md
  - .agents/skills/optimizing-descriptions/SKILL.md
  - .claude/skills/optimizing-descriptions
  - .claude/skills/optimizing-descriptions/README.md
  - .claude/skills/optimizing-descriptions/SKILL.md
  deployed_file_hashes:
    .agents/skills/optimizing-descriptions/README.md: sha256:78607bff6a385d12bc8f88291fa244ff1eb18c5803f1c3f2f6d09de4c5b7a1c7
    .agents/skills/optimizing-descriptions/SKILL.md: sha256:45b154658d931ebd1b5ac24aa17de30775c4f76aebdd1451e51f10b5a49ae63c
    .claude/skills/optimizing-descriptions/README.md: sha256:78607bff6a385d12bc8f88291fa244ff1eb18c5803f1c3f2f6d09de4c5b7a1c7
    .claude/skills/optimizing-descriptions/SKILL.md: sha256:45b154658d931ebd1b5ac24aa17de30775c4f76aebdd1451e51f10b5a49ae63c
  content_hash: sha256:ec0cfe8330099f1ac06e446e0dd98c7d61f5fb31662fe77a3678b0cbe36c9097
- repo_url: mizchi/skills
  host: github.com
  resolved_commit: 7a0d72866a0bb3e9ac3e2768c328b09ba2bc40c4
  resolved_ref: 7a0d72866a0bb3e9ac3e2768c328b09ba2bc40c4
  virtual_path: testing/playwright-cli
  is_virtual: true
  package_type: claude_skill
  deployed_files:
  - .agents/skills/playwright-cli
  - .agents/skills/playwright-cli/README.md
  - .agents/skills/playwright-cli/SKILL.md
  - .claude/skills/playwright-cli
  - .claude/skills/playwright-cli/README.md
  - .claude/skills/playwright-cli/SKILL.md
  deployed_file_hashes:
    .agents/skills/playwright-cli/README.md: sha256:0b6236838eaeac59ee64828cb86b485e7318a8162da65f31e9064e14b39b7b38
    .agents/skills/playwright-cli/SKILL.md: sha256:dc6f7e100b20369010393b116f3d748cfa7d3b298046638e854b5a02d4e0e7f7
    .claude/skills/playwright-cli/README.md: sha256:0b6236838eaeac59ee64828cb86b485e7318a8162da65f31e9064e14b39b7b38
    .claude/skills/playwright-cli/SKILL.md: sha256:dc6f7e100b20369010393b116f3d748cfa7d3b298046638e854b5a02d4e0e7f7
  content_hash: sha256:91b5ce28a1c5080740817a5977279c60d9467aeeb1aa992ea4363c8d148dca43
- repo_url: mizchi/skills
  host: github.com
  resolved_commit: 7a0d72866a0bb3e9ac3e2768c328b09ba2bc40c4
  resolved_ref: 7a0d72866a0bb3e9ac3e2768c328b09ba2bc40c4
  virtual_path: testing/playwright-test
  is_virtual: true
  package_type: claude_skill
  deployed_files:
  - .agents/skills/playwright-test
  - .agents/skills/playwright-test/README.md
  - .agents/skills/playwright-test/SKILL-ja.md
  - .agents/skills/playwright-test/SKILL.md
  - .claude/skills/playwright-test
  - .claude/skills/playwright-test/README.md
  - .claude/skills/playwright-test/SKILL-ja.md
  - .claude/skills/playwright-test/SKILL.md
  deployed_file_hashes:
    .agents/skills/playwright-test/README.md: sha256:71567cf469a618744f63e72578d189a4dda5ef81c6e60169348579af3f0112fb
    .agents/skills/playwright-test/SKILL-ja.md: sha256:63d2cd55468c576e986fe4eb7b799d9203f38540688a8988588c551d8b19548e
    .agents/skills/playwright-test/SKILL.md: sha256:b66dbd57a461cfd40c7a2b91af156b6923b3bba39a4ae712528b5c0ce3dba3fd
    .claude/skills/playwright-test/README.md: sha256:71567cf469a618744f63e72578d189a4dda5ef81c6e60169348579af3f0112fb
    .claude/skills/playwright-test/SKILL-ja.md: sha256:63d2cd55468c576e986fe4eb7b799d9203f38540688a8988588c551d8b19548e
    .claude/skills/playwright-test/SKILL.md: sha256:b66dbd57a461cfd40c7a2b91af156b6923b3bba39a4ae712528b5c0ce3dba3fd
  content_hash: sha256:7f85a2a1a1b2c96604c97676239c2df91558fb6c1fa5a89c78683bb68375026a
- repo_url: mizchi/skills
  host: github.com
  resolved_commit: 7a0d72866a0bb3e9ac3e2768c328b09ba2bc40c4
  resolved_ref: 7a0d72866a0bb3e9ac3e2768c328b09ba2bc40c4
  virtual_path: tooling/ast-grep-practice
  is_virtual: true
  package_type: claude_skill
  deployed_files:
  - .agents/skills/ast-grep-practice
  - .agents/skills/ast-grep-practice/README.md
  - .agents/skills/ast-grep-practice/SKILL-ja.md
  - .agents/skills/ast-grep-practice/SKILL.md
  - .agents/skills/ast-grep-practice/references/cli.md
  - .agents/skills/ast-grep-practice/references/kind-catalog.md
  - .agents/skills/ast-grep-practice/references/rule-yaml.md
  - .agents/skills/ast-grep-practice/references/testing.md
  - .claude/skills/ast-grep-practice
  - .claude/skills/ast-grep-practice/README.md
  - .claude/skills/ast-grep-practice/SKILL-ja.md
  - .claude/skills/ast-grep-practice/SKILL.md
  - .claude/skills/ast-grep-practice/references/cli.md
  - .claude/skills/ast-grep-practice/references/kind-catalog.md
  - .claude/skills/ast-grep-practice/references/rule-yaml.md
  - .claude/skills/ast-grep-practice/references/testing.md
  deployed_file_hashes:
    .agents/skills/ast-grep-practice/README.md: sha256:117059807d964371b7006bcc5ec24512bb992ecd643c128281be3ba760cf9a47
    .agents/skills/ast-grep-practice/SKILL-ja.md: sha256:dbe683eb03d6c32f5bb1c254adf77a20c20625de0bb4b40f43a890d617709e60
    .agents/skills/ast-grep-practice/SKILL.md: sha256:9183634a2e375f826fede62515b8d1414200cdc3643d93393ed1c3b36e45beeb
    .agents/skills/ast-grep-practice/references/cli.md: sha256:20f47f7693019f6e392cf59a2bb0f938c3763ff177f7eb5f6ed1360bc9b78938
    .agents/skills/ast-grep-practice/references/kind-catalog.md: sha256:0a616ac78efa38aeeee5b8afc939bee0489c5d1d92b82475480e429d03a14ec4
    .agents/skills/ast-grep-practice/references/rule-yaml.md: sha256:1b801dd897252f442384980235eaf06354bb6dc0ac8378f196e4e20746e1c7c0
    .agents/skills/ast-grep-practice/references/testing.md: sha256:d7e2282b5b6ef954891af059adbe9b8ae23edcc385ba00f6a9e80e42ac6607d7
    .claude/skills/ast-grep-practice/README.md: sha256:117059807d964371b7006bcc5ec24512bb992ecd643c128281be3ba760cf9a47
    .claude/skills/ast-grep-practice/SKILL-ja.md: sha256:dbe683eb03d6c32f5bb1c254adf77a20c20625de0bb4b40f43a890d617709e60
    .claude/skills/ast-grep-practice/SKILL.md: sha256:9183634a2e375f826fede62515b8d1414200cdc3643d93393ed1c3b36e45beeb
    .claude/skills/ast-grep-practice/references/cli.md: sha256:20f47f7693019f6e392cf59a2bb0f938c3763ff177f7eb5f6ed1360bc9b78938
    .claude/skills/ast-grep-practice/references/kind-catalog.md: sha256:0a616ac78efa38aeeee5b8afc939bee0489c5d1d92b82475480e429d03a14ec4
    .claude/skills/ast-grep-practice/references/rule-yaml.md: sha256:1b801dd897252f442384980235eaf06354bb6dc0ac8378f196e4e20746e1c7c0
    .claude/skills/ast-grep-practice/references/testing.md: sha256:d7e2282b5b6ef954891af059adbe9b8ae23edcc385ba00f6a9e80e42ac6607d7
  content_hash: sha256:2c39f6e925845efc15cff26d3aecf5dd5f1acc8f62dd06524bf98b7ac0bde7a6
- repo_url: ogulcancelik/herdr-browser
  host: github.com
  resolved_commit: be6888b71cf4eb5939ee79a746bd1a1c22ade046
  resolved_ref: be6888b71cf4eb5939ee79a746bd1a1c22ade046
  virtual_path: skills/herdr-browser
  is_virtual: true
  package_type: claude_skill
  deployed_files:
  - .agents/skills/herdr-browser
  - .agents/skills/herdr-browser/SKILL.md
  - .claude/skills/herdr-browser
  - .claude/skills/herdr-browser/SKILL.md
  deployed_file_hashes:
    .agents/skills/herdr-browser/SKILL.md: sha256:4521264b7468b47f4ffa892005decf6bffd5bfd0c0dee524b9f378a77cab5fac
    .claude/skills/herdr-browser/SKILL.md: sha256:4521264b7468b47f4ffa892005decf6bffd5bfd0c0dee524b9f378a77cab5fac
  content_hash: sha256:6ecb683ac29617eb7150bf79b380a00043e80146469c6b45503120a9179059ca
